dependencies:
  idf:
    source:
      type: idf
    version: 5.5.3
  trombik/esp_wireguard:
    component_hash: 06b514516c241f27493b7589d3d4a79f424713609891168e4e65f529f1980922
    dependencies: []
    source:
      registry_url: https://components.espressif.com/
      type: service
    version: 0.9.0
direct_dependencies:
- idf
- trombik/esp_wireguard
manifest_hash: 40541c85da48b30444ac1ce40213c8592bffaeffd8e368b57ec828885c36b2a9
target: esp32
version: 2.0.0
